// !$*UTF8*$!
{
	archiveVersion = 1;
	classes = {
	};
	objectVersion = 55;
	objects = {

/* Begin PBXBuildFile section */
		E9C829DF287F24D0003F3B49 /* AppDelegate.swift in Sources */ = {isa = PBXBuildFile; fileRef = E9C829DE287F24D0003F3B49 /* AppDelegate.swift */; };
		E9C829E1287F24D0003F3B49 /* SceneDelegate.swift in Sources */ = {isa = PBXBuildFile; fileRef = E9C829E0287F24D0003F3B49 /* SceneDelegate.swift */; };
		E9C829EB287F24D2003F3B49 /* LaunchScreen.storyboard in Resources */ = {isa = PBXBuildFile; fileRef = E9C829E9287F24D2003F3B49 /* LaunchScreen.storyboard */; };
		E9C82A0F287F2EB6003F3B49 /* MainViewController.swift in Sources */ = {isa = PBXBuildFile; fileRef = E9C82A0E287F2EB6003F3B49 /* MainViewController.swift */; };
		E9C82A15287F5651003F3B49 /* MainCell.swift in Sources */ = {isa = PBXBuildFile; fileRef = E9C82A14287F5650003F3B49 /* MainCell.swift */; };
		E9C82A21287F758E003F3B49 /* MainParsing.swift in Sources */ = {isa = PBXBuildFile; fileRef = E9C82A20287F758D003F3B49 /* MainParsing.swift */; };
		E9C82A23287FF303003F3B49 /* DataStruct.swift in Sources */ = {isa = PBXBuildFile; fileRef = E9C82A22287FF303003F3B49 /* DataStruct.swift */; };
		E9C82A262880436F003F3B49 /* Assets.xcassets in Resources */ = {isa = PBXBuildFile; fileRef = E9C829E7287F24D2003F3B49 /* Assets.xcassets */; };
/* End PBXBuildFile section */

/* Begin PBXContainerItemProxy section */
		E9C829F2287F24D2003F3B49 /* PBXContainerItemProxy */ = {
			isa = PBXContainerItemProxy;
			containerPortal = E9C829D3287F24D0003F3B49 /* Project object */;
			proxyType = 1;
			remoteGlobalIDString = E9C829DA287F24D0003F3B49;
			remoteInfo = VKServices;
		};
		E9C829FC287F24D2003F3B49 /* PBXContainerItemProxy */ = {
			isa = PBXContainerItemProxy;
			containerPortal = E9C829D3287F24D0003F3B49 /* Project object */;
			proxyType = 1;
			remoteGlobalIDString = E9C829DA287F24D0003F3B49;
			remoteInfo = VKServices;
		};
/* End PBXContainerItemProxy section */

/* Begin PBXFileReference section */
		E9C829DB287F24D0003F3B49 /* VKServices.app */ = {isa = PBXFileReference; explicitFileType = wrapper.application; includeInIndex = 0; path = VKServices.app; sourceTree = BUILT_PRODUCTS_DIR; };
		E9C829DE287F24D0003F3B49 /* AppDelegate.swift */ = {isa = PBXFileReference; lastKnownFileType = sourcecode.swift; path = AppDelegate.swift; sourceTree = "<group>"; };
		E9C829E0287F24D0003F3B49 /* SceneDelegate.swift */ = {isa = PBXFileReference; lastKnownFileType = sourcecode.swift; path = SceneDelegate.swift; sourceTree = "<group>"; };
		E9C829E7287F24D2003F3B49 /* Assets.xcassets */ = {isa = PBXFileReference; lastKnownFileType = folder.assetcatalog; path = Assets.xcassets; sourceTree = "<group>"; };
		E9C829EA287F24D2003F3B49 /* Base */ = {isa = PBXFileReference; lastKnownFileType = file.storyboard; name = Base; path = Base.lproj/LaunchScreen.storyboard; sourceTree = "<group>"; };
		E9C829EC287F24D2003F3B49 /* Info.plist */ = {isa = PBXFileReference; lastKnownFileType = text.plist.xml; path = Info.plist; sourceTree = "<group>"; };
		E9C829F1287F24D2003F3B49 /* VKServicesTests.xctest */ = {isa = PBXFileReference; explicitFileType = wrapper.cfbundle; includeInIndex = 0; path = VKServicesTests.xctest; sourceTree = BUILT_PRODUCTS_DIR; };
		E9C829FB287F24D2003F3B49 /* VKServicesUITests.xctest */ = {isa = PBXFileReference; explicitFileType = wrapper.cfbundle; includeInIndex = 0; path = VKServicesUITests.xctest; sourceTree = BUILT_PRODUCTS_DIR; };
		E9C82A0E287F2EB6003F3B49 /* MainViewController.swift */ = {isa = PBXFileReference; lastKnownFileType = sourcecode.swift; path = MainViewController.swift; sourceTree = "<group>"; };
		E9C82A14287F5650003F3B49 /* MainCell.swift */ = {isa = PBXFileReference; lastKnownFileType = sourcecode.swift; path = MainCell.swift; sourceTree = "<group>"; };
		E9C82A20287F758D003F3B49 /* MainParsing.swift */ = {isa = PBXFileReference; lastKnownFileType = sourcecode.swift; path = MainParsing.swift; sourceTree = "<group>"; };
		E9C82A22287FF303003F3B49 /* DataStruct.swift */ = {isa = PBXFileReference; lastKnownFileType = sourcecode.swift; path = DataStruct.swift; sourceTree = "<group>"; };
/* End PBXFileReference section */

/* Begin PBXFrameworksBuildPhase section */
		E9C829D8287F24D0003F3B49 /* Frameworks */ = {
			isa = PBXFrameworksBuildPhase;
			buildActionMask = 2147483647;
			files = (
			);
			runOnlyForDeploymentPostprocessing = 0;
		};
		E9C829EE287F24D2003F3B49 /* Frameworks */ = {
			isa = PBXFrameworksBuildPhase;
			buildActionMask = 2147483647;
			files = (
			);
			runOnlyForDeploymentPostprocessing = 0;
		};
		E9C829F8287F24D2003F3B49 /* Frameworks */ = {
			isa = PBXFrameworksBuildPhase;
			buildActionMask = 2147483647;
			files = (
			);
			runOnlyForDeploymentPostprocessing = 0;
		};
/* End PBXFrameworksBuildPhase section */

/* Begin PBXGroup section */
		E9C829D2287F24D0003F3B49 = {
			isa = PBXGroup;
			children = (
				E9C829DD287F24D0003F3B49 /* VKServices */,
				E9C829DC287F24D0003F3B49 /* Products */,
			);
			sourceTree = "<group>";
		};
		E9C829DC287F24D0003F3B49 /* Products */ = {
			isa = PBXGroup;
			children = (
				E9C829DB287F24D0003F3B49 /* VKServices.app */,
				E9C829F1287F24D2003F3B49 /* VKServicesTests.xctest */,
				E9C829FB287F24D2003F3B49 /* VKServicesUITests.xctest */,
			);
			name = Products;
			sourceTree = "<group>";
		};
		E9C829DD287F24D0003F3B49 /* VKServices */ = {
			isa = PBXGroup;
			children = (
				E9C829DE287F24D0003F3B49 /* AppDelegate.swift */,
				E9C829E0287F24D0003F3B49 /* SceneDelegate.swift */,
				E9C82A22287FF303003F3B49 /* DataStruct.swift */,
				E9C82A0E287F2EB6003F3B49 /* MainViewController.swift */,
				E9C82A20287F758D003F3B49 /* MainParsing.swift */,
				E9C82A14287F5650003F3B49 /* MainCell.swift */,
				E9C829E7287F24D2003F3B49 /* Assets.xcassets */,
				E9C829E9287F24D2003F3B49 /* LaunchScreen.storyboard */,
				E9C829EC287F24D2003F3B49 /* Info.plist */,
			);
			path = VKServices;
			sourceTree = "<group>";
		};
/* End PBXGroup section */

/* Begin PBXNativeTarget section */
		E9C829DA287F24D0003F3B49 /* VKServices */ = {
			isa = PBXNativeTarget;
			buildConfigurationList = E9C82A05287F24D2003F3B49 /* Build configuration list for PBXNativeTarget "VKServices" */;
			buildPhases = (
				E9C829D7287F24D0003F3B49 /* Sources */,
				E9C829D8287F24D0003F3B49 /* Frameworks */,
				E9C829D9287F24D0003F3B49 /* Resources */,
			);
			buildRules = (
			);
			dependencies = (
			);
			name = VKServices;
			productName = VKServices;
			productReference = E9C829DB287F24D0003F3B49 /* VKServices.app */;
			productType = "com.apple.product-type.application";
		};
		E9C829F0287F24D2003F3B49 /* VKServicesTests */ = {
			isa = PBXNativeTarget;
			buildConfigurationList = E9C82A08287F24D2003F3B49 /* Build configuration list for PBXNativeTarget "VKServicesTests" */;
			buildPhases = (
				E9C829ED287F24D2003F3B49 /* Sources */,
				E9C829EE287F24D2003F3B49 /* Frameworks */,
				E9C829EF287F24D2003F3B49 /* Resources */,
			);
			buildRules = (
			);
			dependencies = (
				E9C829F3287F24D2003F3B49 /* PBXTargetDependency */,
			);
			name = VKServicesTests;
			productName = VKServicesTests;
			productReference = E9C829F1287F24D2003F3B49 /* VKServicesTests.xctest */;
			productType = "com.apple.product-type.bundle.unit-test";
		};
		E9C829FA287F24D2003F3B49 /* VKServicesUITests */ = {
			isa = PBXNativeTarget;
			buildConfigurationList = E9C82A0B287F24D2003F3B49 /* Build configuration list for PBXNativeTarget "VKServicesUITests" */;
			buildPhases = (
				E9C829F7287F24D2003F3B49 /* Sources */,
				E9C829F8287F24D2003F3B49 /* Frameworks */,
				E9C829F9287F24D2003F3B49 /* Resources */,
			);
			buildRules = (
			);
			dependencies = (
				E9C829FD287F24D2003F3B49 /* PBXTargetDependency */,
			);
			name = VKServicesUITests;
			productName = VKServicesUITests;
			productReference = E9C829FB287F24D2003F3B49 /* VKServicesUITests.xctest */;
			productType = "com.apple.product-type.bundle.ui-testing";
		};
/* End PBXNativeTarget section */

/* Begin PBXProject section */
		E9C829D3287F24D0003F3B49 /* Project object */ = {
			isa = PBXProject;
			attributes = {
				BuildIndependentTargetsInParallel = 1;
				LastSwiftUpdateCheck = 1340;
				LastUpgradeCheck = 1340;
				TargetAttributes = {
					E9C829DA287F24D0003F3B49 = {
						CreatedOnToolsVersion = 13.4.1;
					};
					E9C829F0287F24D2003F3B49 = {
						CreatedOnToolsVersion = 13.4.1;
						TestTargetID = E9C829DA287F24D0003F3B49;
					};
					E9C829FA287F24D2003F3B49 = {
						CreatedOnToolsVersion = 13.4.1;
						TestTargetID = E9C829DA287F24D0003F3B49;
					};
				};
			};
			buildConfigurationList = E9C829D6287F24D0003F3B49 /* Build configuration list for PBXProject "VKServices" */;
			compatibilityVersion = "Xcode 13.0";
			developmentRegion = en;
			hasScannedForEncodings = 0;
			knownRegions = (
				en,
				Base,
			);
			mainGroup = E9C829D2287F24D0003F3B49;
			productRefGroup = E9C829DC287F24D0003F3B49 /* Products */;
			projectDirPath = "";
			projectRoot = "";
			targets = (
				E9C829DA287F24D0003F3B49 /* VKServices */,
				E9C829F0287F24D2003F3B49 /* VKServicesTests */,
				E9C829FA287F24D2003F3B49 /* VKServicesUITests */,
			);
		};
/* End PBXProject section */

/* Begin PBXResourcesBuildPhase section */
		E9C829D9287F24D0003F3B49 /* Resources */ = {
			isa = PBXResourcesBuildPhase;
			buildActionMask = 2147483647;
			files = (
				E9C82A262880436F003F3B49 /* Assets.xcassets in Resources */,
				E9C829EB287F24D2003F3B49 /* LaunchScreen.storyboard in Resources */,
			);
			runOnlyForDeploymentPostprocessing = 0;
		};
		E9C829EF287F24D2003F3B49 /* Resources */ = {
			isa = PBXResourcesBuildPhase;
			buildActionMask = 2147483647;
			files = (
			);
			runOnlyForDeploymentPostprocessing = 0;
		};
		E9C829F9287F24D2003F3B49 /* Resources */ = {
			isa = PBXResourcesBuildPhase;
			buildActionMask = 2147483647;
			files = (
			);
			runOnlyForDeploymentPostprocessing = 0;
		};
/* End PBXResourcesBuildPhase section */

/* Begin PBXSourcesBuildPhase section */
		E9C829D7287F24D0003F3B49 /* Sources */ = {
			isa = PBXSourcesBuildPhase;
			buildActionMask = 2147483647;
			files = (
				E9C829DF287F24D0003F3B49 /* AppDelegate.swift in Sources */,
				E9C829E1287F24D0003F3B49 /* SceneDelegate.swift in Sources */,
				E9C82A23287FF303003F3B49 /* DataStruct.swift in Sources */,
				E9C82A21287F758E003F3B49 /* MainParsing.swift in Sources */,
				E9C82A0F287F2EB6003F3B49 /* MainViewController.swift in Sources */,
				E9C82A15287F5651003F3B49 /* MainCell.swift in Sources */,
			);
			runOnlyForDeploymentPostprocessing = 0;
		};
		E9C829ED287F24D2003F3B49 /* Sources */ = {
			isa = PBXSourcesBuildPhase;
			buildActionMask = 2147483647;
			files = (
			);
			runOnlyForDeploymentPostprocessing = 0;
		};
		E9C829F7287F24D2003F3B49 /* Sources */ = {
			isa = PBXSourcesBuildPhase;
			buildActionMask = 2147483647;
			files = (
			);
			runOnlyForDeploymentPostprocessing = 0;
		};
/* End PBXSourcesBuildPhase section */

/* Begin PBXTargetDependency section */
		E9C829F3287F24D2003F3B49 /* PBXTargetDependency */ = {
			isa = PBXTargetDependency;
			target = E9C829DA287F24D0003F3B49 /* VKServices */;
			targetProxy = E9C829F2287F24D2003F3B49 /* PBXContainerItemProxy */;
		};
		E9C829FD287F24D2003F3B49 /* PBXTargetDependency */ = {
			isa = PBXTargetDependency;
			target = E9C829DA287F24D0003F3B49 /* VKServices */;
			targetProxy = E9C829FC287F24D2003F3B49 /* PBXContainerItemProxy */;
		};
/* End PBXTargetDependency section */

/* Begin PBXVariantGroup section */
		E9C829E9287F24D2003F3B49 /* LaunchScreen.storyboard */ = {
			isa = PBXVariantGroup;
			children = (
				E9C829EA287F24D2003F3B49 /* Base */,
			);
			name = LaunchScreen.storyboard;
			sourceTree = "<group>";
		};
/* End PBXVariantGroup section */

/* Begin XCBuildConfiguration section */
		E9C82A03287F24D2003F3B49 /* Debug */ = {
			isa = XCBuildConfiguration;
			buildSettings = {
				ALWAYS_SEARCH_USER_PATHS = NO;
				CLANG_ANALYZER_NONNULL = YES;
				CLANG_ANALYZER_NUMBER_OBJECT_CONVERSION = YES_AGGRESSIVE;
				CLANG_CXX_LANGUAGE_STANDARD = "gnu++17";
				CLANG_ENABLE_MODULES = YES;
				CLANG_ENABLE_OBJC_ARC = YES;
				CLANG_ENABLE_OBJC_WEAK = YES;
				CLANG_WARN_BLOCK_CAPTURE_AUTORELEASING = YES;
				CLANG_WARN_BOOL_CONVERSION = YES;
				CLANG_WARN_COMMA = YES;
				CLANG_WARN_CONSTANT_CONVERSION = YES;
				CLANG_WARN_DEPRECATED_OBJC_IMPLEMENTATIONS = YES;
				CLANG_WARN_DIRECT_OBJC_ISA_USAGE = YES_ERROR;
				CLANG_WARN_DOCUMENTATION_COMMENTS = YES;
				CLANG_WARN_EMPTY_BODY = YES;
				CLANG_WARN_ENUM_CONVERSION = YES;
				CLANG_WARN_INFINITE_RECURSION = YES;
				CLANG_WARN_INT_CONVERSION = YES;
				CLANG_WARN_NON_LITERAL_NULL_CONVERSION = YES;
				CLANG_WARN_OBJC_IMPLICIT_RETAIN_SELF = YES;
				CLANG_WARN_OBJC_LITERAL_CONVERSION = YES;
				CLANG_WARN_OBJC_ROOT_CLASS = YES_ERROR;
				CLANG_WARN_QUOTED_INCLUDE_IN_FRAMEWORK_HEADER = YES;
				CLANG_WARN_RANGE_LOOP_ANALYSIS = YES;
				CLANG_WARN_STRICT_PROTOTYPES = YES;
				CLANG_WARN_SUSPICIOUS_MOVE = YES;
				CLANG_WARN_UNGUARDED_AVAILABILITY = YES_AGGRESSIVE;
				CLANG_WARN_UNREACHABLE_CODE = YES;
				CLANG_WARN__DUPLICATE_METHOD_MATCH = YES;
				COPY_PHASE_STRIP = NO;
				DEBUG_INFORMATION_FORMAT = dwarf;
				ENABLE_STRICT_OBJC_MSGSEND = YES;
				ENABLE_TESTABILITY = YES;
				GCC_C_LANGUAGE_STANDARD = gnu11;
				GCC_DYNAMIC_NO_PIC = NO;
				GCC_NO_COMMON_BLOCKS = YES;
				GCC_OPTIMIZATION_LEVEL = 0;
				GCC_PREPROCESSOR_DEFINITIONS = (
					"DEBUG=1",
					"$(inherited)",
				);
				GCC_WARN_64_TO_32_BIT_CONVERSION = YES;
				GCC_WARN_ABOUT_RETURN_TYPE = YES_ERROR;
				GCC_WARN_UNDECLARED_SELECTOR = YES;
				GCC_WARN_UNINITIALIZED_AUTOS = YES_AGGRESSIVE;
				GCC_WARN_UNUSED_FUNCTION = YES;
				GCC_WARN_UNUSED_VARIABLE = YES;
				IPHONEOS_DEPLOYMENT_TARGET = 15.5;
				MTL_ENABLE_DEBUG_INFO = INCLUDE_SOURCE;
				MTL_FAST_MATH = YES;
				ONLY_ACTIVE_ARCH = YES;
				SDKROOT = iphoneos;
				SWIFT_ACTIVE_COMPILATION_CONDITIONS = DEBUG;
				SWIFT_OPTIMIZATION_LEVEL = "-Onone";
			};
			name = Debug;
		};
		E9C82A04287F24D2003F3B49 /* Release */ = {
			isa = XCBuildConfiguration;
			buildSettings = {
				ALWAYS_SEARCH_USER_PATHS = NO;
				CLANG_ANALYZER_NONNULL = YES;
				CLANG_ANALYZER_NUMBER_OBJECT_CONVERSION = YES_AGGRESSIVE;
				CLANG_CXX_LANGUAGE_STANDARD = "gnu++17";
				CLANG_ENABLE_MODULES = YES;
				CLANG_ENABLE_OBJC_ARC = YES;
				CLANG_ENABLE_OBJC_WEAK = YES;
				CLANG_WARN_BLOCK_CAPTURE_AUTORELEASING = YES;
				CLANG_WARN_BOOL_CONVERSION = YES;
				CLANG_WARN_COMMA = YES;
				CLANG_WARN_CONSTANT_CONVERSION = YES;
				CLANG_WARN_DEPRECATED_OBJC_IMPLEMENTATIONS = YES;
				CLANG_WARN_DIRECT_OBJC_ISA_USAGE = YES_ERROR;
				CLANG_WARN_DOCUMENTATION_COMMENTS = YES;
				CLANG_WARN_EMPTY_BODY = YES;
				CLANG_WARN_ENUM_CONVERSION = YES;
				CLANG_WARN_INFINITE_RECURSION = YES;
				CLANG_WARN_INT_CONVERSION = YES;
				CLANG_WARN_NON_LITERAL_NULL_CONVERSION = YES;
				CLANG_WARN_OBJC_IMPLICIT_RETAIN_SELF = YES;
				CLANG_WARN_OBJC_LITERAL_CONVERSION = YES;
				CLANG_WARN_OBJC_ROOT_CLASS = YES_ERROR;
				CLANG_WARN_QUOTED_INCLUDE_IN_FRAMEWORK_HEADER = YES;
				CLANG_WARN_RANGE_LOOP_ANALYSIS = YES;
				CLANG_WARN_STRICT_PROTOTYPES = YES;
				CLANG_WARN_SUSPICIOUS_MOVE = YES;
				CLANG_WARN_UNGUARDED_AVAILABILITY = YES_AGGRESSIVE;
				CLANG_WARN_UNREACHABLE_CODE = YES;
				CLANG_WARN__DUPLICATE_METHOD_MATCH = YES;
				COPY_PHASE_STRIP = NO;
				DEBUG_INFORMATION_FORMAT = "dwarf-with-dsym";
				ENABLE_NS_ASSERTIONS = NO;
				ENABLE_STRICT_OBJC_MSGSEND = YES;
				GCC_C_LANGUAGE_STANDARD = gnu11;
				GCC_NO_COMMON_BLOCKS = YES;
				GCC_WARN_64_TO_32_BIT_CONVERSION = YES;
				GCC_WARN_ABOUT_RETURN_TYPE = YES_ERROR;
				GCC_WARN_UNDECLARED_SELECTOR = YES;
				GCC_WARN_UNINITIALIZED_AUTOS = YES_AGGRESSIVE;
				GCC_WARN_UNUSED_FUNCTION = YES;
				GCC_WARN_UNUSED_VARIABLE = YES;
				IPHONEOS_DEPLOYMENT_TARGET = 15.5;
				MTL_ENABLE_DEBUG_INFO = NO;
				MTL_FAST_MATH = YES;
				SDKROOT = iphoneos;
				SWIFT_COMPILATION_MODE = wholemodule;
				SWIFT_OPTIMIZATION_LEVEL = "-O";
				VALIDATE_PRODUCT = YES;
			};
			name = Release;
		};
		E9C82A06287F24D2003F3B49 /* Debug */ = {
			isa = XCBuildConfiguration;
			buildSettings = {
				ASSETCATALOG_COMPILER_APPICON_NAME = AppIcon;
				ASSETCATALOG_COMPILER_GLOBAL_ACCENT_COLOR_NAME = AccentColor;
				CODE_SIGN_STYLE = Automatic;
				CURRENT_PROJECT_VERSION = 1;
				DEVELOPMENT_TEAM = 5YVA2G85CL;
				GENERATE_INFOPLIST_FILE = YES;
				INFOPLIST_FILE = VKServices/Info.plist;
				INFOPLIST_KEY_UIApplicationSupportsIndirectInputEvents = YES;
				INFOPLIST_KEY_UILaunchStoryboardName = LaunchScreen;
				INFOPLIST_KEY_UISupportedInterfaceOrientations_iPad = "UIInterfaceOrientationPortrait UIInterfaceOrientationPortraitUpsideDown UIInterfaceOrientationLandscapeLeft UIInterfaceOrientationLandscapeRight";
				INFOPLIST_KEY_UISupportedInterfaceOrientations_iPhone = "UIInterfaceOrientationPortrait UIInterfaceOrientationLandscapeLeft UIInterfaceOrientationLandscapeRight";
				LD_RUNPATH_SEARCH_PATHS = (
					"$(inherited)",
					"@executable_path/Frameworks",
				);
				MARKETING_VERSION = 1.0;
				PRODUCT_BUNDLE_IDENTIFIER = ex.VKServices;
				PRODUCT_NAME = "$(TARGET_NAME)";
				SWIFT_EMIT_LOC_STRINGS = YES;
				SWIFT_VERSION = 5.0;
				TARGETED_DEVICE_FAMILY = "1,2";
			};
			name = Debug;
		};
		E9C82A07287F24D2003F3B49 /* Release */ = {
			isa = XCBuildConfiguration;
			buildSettings = {
				ASSETCATALOG_COMPILER_APPICON_NAME = AppIcon;
				ASSETCATALOG_COMPILER_GLOBAL_ACCENT_COLOR_NAME = AccentColor;
				CODE_SIGN_STYLE = Automatic;
				CURRENT_PROJECT_VERSION = 1;
				DEVELOPMENT_TEAM = 5YVA2G85CL;
				GENERATE_INFOPLIST_FILE = YES;
				INFOPLIST_FILE = VKServices/Info.plist;
				INFOPLIST_KEY_UIApplicationSupportsIndirectInputEvents = YES;
				INFOPLIST_KEY_UILaunchStoryboardName = LaunchScreen;
				INFOPLIST_KEY_UISupportedInterfaceOrientations_iPad = "UIInterfaceOrientationPortrait UIInterfaceOrientationPortraitUpsideDown UIInterfaceOrientationLandscapeLeft UIInterfaceOrientationLandscapeRight";
				INFOPLIST_KEY_UISupportedInterfaceOrientations_iPhone = "UIInterfaceOrientationPortrait UIInterfaceOrientationLandscapeLeft UIInterfaceOrientationLandscapeRight";
				LD_RUNPATH_SEARCH_PATHS = (
					"$(inherited)",
					"@executable_path/Frameworks",
				);
				MARKETING_VERSION = 1.0;
				PRODUCT_BUNDLE_IDENTIFIER = ex.VKServices;
				PRODUCT_NAME = "$(TARGET_NAME)";
				SWIFT_EMIT_LOC_STRINGS = YES;
				SWIFT_VERSION = 5.0;
				TARGETED_DEVICE_FAMILY = "1,2";
			};
			name = Release;
		};
		E9C82A09287F24D2003F3B49 /* Debug */ = {
			isa = XCBuildConfiguration;
			buildSettings = {
				ALWAYS_EMBED_SWIFT_STANDARD_LIBRARIES = YES;
				BUNDLE_LOADER = "$(TEST_HOST)";
				CODE_SIGN_STYLE = Automatic;
				CURRENT_PROJECT_VERSION = 1;
				DEVELOPMENT_TEAM = 5YVA2G85CL;
				GENERATE_INFOPLIST_FILE = YES;
				IPHONEOS_DEPLOYMENT_TARGET = 15.5;
				MARKETING_VERSION = 1.0;
				PRODUCT_BUNDLE_IDENTIFIER = ex.VKServicesTests;
				PRODUCT_NAME = "$(TARGET_NAME)";
				SWIFT_EMIT_LOC_STRINGS = NO;
				SWIFT_VERSION = 5.0;
				TARGETED_DEVICE_FAMILY = "1,2";
				TEST_HOST = "$(BUILT_PRODUCTS_DIR)/VKServices.app/VKServices";
			};
			name = Debug;
		};
		E9C82A0A287F24D2003F3B49 /* Release */ = {
			isa = XCBuildConfiguration;
			buildSettings = {
				ALWAYS_EMBED_SWIFT_STANDARD_LIBRARIES = YES;
				BUNDLE_LOADER = "$(TEST_HOST)";
				CODE_SIGN_STYLE = Automatic;
				CURRENT_PROJECT_VERSION = 1;
				DEVELOPMENT_TEAM = 5YVA2G85CL;
				GENERATE_INFOPLIST_FILE = YES;
				IPHONEOS_DEPLOYMENT_TARGET = 15.5;
				MARKETING_VERSION = 1.0;
				PRODUCT_BUNDLE_IDENTIFIER = ex.VKServicesTests;
				PRODUCT_NAME = "$(TARGET_NAME)";
				SWIFT_EMIT_LOC_STRINGS = NO;
				SWIFT_VERSION = 5.0;
				TARGETED_DEVICE_FAMILY = "1,2";
				TEST_HOST = "$(BUILT_PRODUCTS_DIR)/VKServices.app/VKServices";
			};
			name = Release;
		};
		E9C82A0C287F24D2003F3B49 /* Debug */ = {
			isa = XCBuildConfiguration;
			buildSettings = {
				ALWAYS_EMBED_SWIFT_STANDARD_LIBRARIES = YES;
				CODE_SIGN_STYLE = Automatic;
				CURRENT_PROJECT_VERSION = 1;
				DEVELOPMENT_TEAM = 5YVA2G85CL;
				GENERATE_INFOPLIST_FILE = YES;
				MARKETING_VERSION = 1.0;
				PRODUCT_BUNDLE_IDENTIFIER = ex.VKServicesUITests;
				PRODUCT_NAME = "$(TARGET_NAME)";
				SWIFT_EMIT_LOC_STRINGS = NO;
				SWIFT_VERSION = 5.0;
				TARGETED_DEVICE_FAMILY = "1,2";
				TEST_TARGET_NAME = VKServices;
			};
			name = Debug;
		};
		E9C82A0D287F24D2003F3B49 /* Release */ = {
			isa = XCBuildConfiguration;
			buildSettings = {
				ALWAYS_EMBED_SWIFT_STANDARD_LIBRARIES = YES;
				CODE_SIGN_STYLE = Automatic;
				CURRENT_PROJECT_VERSION = 1;
				DEVELOPMENT_TEAM = 5YVA2G85CL;
				GENERATE_INFOPLIST_FILE = YES;
				MARKETING_VERSION = 1.0;
				PRODUCT_BUNDLE_IDENTIFIER = ex.VKServicesUITests;
				PRODUCT_NAME = "$(TARGET_NAME)";
				SWIFT_EMIT_LOC_STRINGS = NO;
				SWIFT_VERSION = 5.0;
				TARGETED_DEVICE_FAMILY = "1,2";
				TEST_TARGET_NAME = VKServices;
			};
			name = Release;
		};
/* End XCBuildConfiguration section */

/* Begin XCConfigurationList section */
		E9C829D6287F24D0003F3B49 /* Build configuration list for PBXProject "VKServices" */ = {
			isa = XCConfigurationList;
			buildConfigurations = (
				E9C82A03287F24D2003F3B49 /* Debug */,
				E9C82A04287F24D2003F3B49 /* Release */,
			);
			defaultConfigurationIsVisible = 0;
			defaultConfigurationName = Release;
		};
		E9C82A05287F24D2003F3B49 /* Build configuration list for PBXNativeTarget "VKServices" */ = {
			isa = XCConfigurationList;
			buildConfigurations = (
				E9C82A06287F24D2003F3B49 /* Debug */,
				E9C82A07287F24D2003F3B49 /* Release */,
			);
			defaultConfigurationIsVisible = 0;
			defaultConfigurationName = Release;
		};
		E9C82A08287F24D2003F3B49 /* Build configuration list for PBXNativeTarget "VKServicesTests" */ = {
			isa = XCConfigurationList;
			buildConfigurations = (
				E9C82A09287F24D2003F3B49 /* Debug */,
				E9C82A0A287F24D2003F3B49 /* Release */,
			);
			defaultConfigurationIsVisible = 0;
			defaultConfigurationName = Release;
		};
		E9C82A0B287F24D2003F3B49 /* Build configuration list for PBXNativeTarget "VKServicesUITests" */ = {
			isa = XCConfigurationList;
			buildConfigurations = (
				E9C82A0C287F24D2003F3B49 /* Debug */,
				E9C82A0D287F24D2003F3B49 /* Release */,
			);
			defaultConfigurationIsVisible = 0;
			defaultConfigurationName = Release;
		};
/* End XCConfigurationList section */
	};
	rootObject = E9C829D3287F24D0003F3B49 /* Project object */;
}
